{
    "version": 3,
    "terraform_version": "0.11.8",
    "serial": 7,
    "lineage": "0168dfee-d02b-fb42-d7b9-af0b52f14f4f",
    "modules": [
        {
            "path": [
                "root"
            ],
            "outputs": {
                "Bucket Name": {
                    "sensitive": false,
                    "type": "string",
                    "value": "la-terraform-61116"
                },
                "Public Security Group": {
                    "sensitive": false,
                    "type": "string",
                    "value": "sg-0c835ab1de99c2ef6"
                },
                "Public Subnets": {
                    "sensitive": false,
                    "type": "string",
                    "value": "subnet-0ef7aadfd5028a4f3, subnet-02cfe411ae944e992"
                },
                "Subnet IPs": {
                    "sensitive": false,
                    "type": "string",
                    "value": "10.123.1.0/24, 10.123.2.0/24"
                }
            },
            "resources": {},
            "depends_on": []
        },
        {
            "path": [
                "root",
                "compute"
            ],
            "outputs": {},
            "resources": {
                "aws_instance.tf_server.0": {
                    "type": "aws_instance",
                    "depends_on": [
                        "aws_key_pair.tf_auth",
                        "data.aws_ami.server_ami",
                        "data.template_file.user-init.*"
                    ],
                    "primary": {
                        "id": "i-0d6249b87b3cd1198",
                        "attributes": {
                            "ami": "ami-047bb4163c506cd98",
                            "arn": "arn:aws:ec2:eu-west-1:087131782018:instance/i-0d6249b87b3cd1198",
                            "associate_public_ip_address": "true",
                            "availability_zone": "eu-west-1a",
                            "cpu_core_count": "1",
                            "cpu_threads_per_core": "1",
                            "credit_specification.#": "1",
                            "credit_specification.0.cpu_credits": "standard",
                            "disable_api_termination": "false",
                            "ebs_block_device.#": "0",
                            "ebs_optimized": "false",
                            "ephemeral_block_device.#": "0",
                            "get_password_data": "false",
                            "iam_instance_profile": "",
                            "id": "i-0d6249b87b3cd1198",
                            "instance_state": "running",
                            "instance_type": "t2.micro",
                            "ipv6_addresses.#": "0",
                            "key_name": "tf_key",
                            "monitoring": "false",
                            "network_interface.#": "0",
                            "network_interface_id": "eni-00867d6b9ca9d3c70",
                            "password_data": "",
                            "placement_group": "",
                            "primary_network_interface_id": "eni-00867d6b9ca9d3c70",
                            "private_dns": "ip-10-123-1-171.eu-west-1.compute.internal",
                            "private_ip": "10.123.1.171",
                            "public_dns": "ec2-54-77-122-86.eu-west-1.compute.amazonaws.com",
                            "public_ip": "54.77.122.86",
                            "root_block_device.#": "1",
                            "root_block_device.0.delete_on_termination": "true",
                            "root_block_device.0.iops": "100",
                            "root_block_device.0.volume_id": "vol-02c4233e29dc5befc",
                            "root_block_device.0.volume_size": "8",
                            "root_block_device.0.volume_type": "gp2",
                            "security_groups.#": "0",
                            "source_dest_check": "true",
                            "subnet_id": "subnet-0ef7aadfd5028a4f3",
                            "tags.%": "1",
                            "tags.Name": "tf_server_gregTest-1",
                            "tenancy": "default",
                            "user_data": "8ead8a0bd1e6d24f495854a44514aadcc190a543",
                            "volume_tags.%": "0",
                            "vpc_security_group_ids.#": "1",
                            "vpc_security_group_ids.2324719851": "sg-0c835ab1de99c2ef6"
                        },
                        "meta": {
                            "e2bfb730-ecaa-11e6-8f88-34363bc7c4c0": {
                                "create": 600000000000,
                                "delete": 1200000000000,
                                "update": 600000000000
                            },
                            "schema_version": "1"
                        },
                        "tainted": false
                    },
                    "deposed": [],
                    "provider": "provider.aws"
                },
                "aws_instance.tf_server.1": {
                    "type": "aws_instance",
                    "depends_on": [
                        "aws_key_pair.tf_auth",
                        "data.aws_ami.server_ami",
                        "data.template_file.user-init.*"
                    ],
                    "primary": {
                        "id": "i-0b721dbec9b00bab1",
                        "attributes": {
                            "ami": "ami-047bb4163c506cd98",
                            "arn": "arn:aws:ec2:eu-west-1:087131782018:instance/i-0b721dbec9b00bab1",
                            "associate_public_ip_address": "true",
                            "availability_zone": "eu-west-1b",
                            "cpu_core_count": "1",
                            "cpu_threads_per_core": "1",
                            "credit_specification.#": "1",
                            "credit_specification.0.cpu_credits": "standard",
                            "disable_api_termination": "false",
                            "ebs_block_device.#": "0",
                            "ebs_optimized": "false",
                            "ephemeral_block_device.#": "0",
                            "get_password_data": "false",
                            "iam_instance_profile": "",
                            "id": "i-0b721dbec9b00bab1",
                            "instance_state": "running",
                            "instance_type": "t2.micro",
                            "ipv6_addresses.#": "0",
                            "key_name": "tf_key",
                            "monitoring": "false",
                            "network_interface.#": "0",
                            "network_interface_id": "eni-072f4ab26a5f63b36",
                            "password_data": "",
                            "placement_group": "",
                            "primary_network_interface_id": "eni-072f4ab26a5f63b36",
                            "private_dns": "ip-10-123-2-168.eu-west-1.compute.internal",
                            "private_ip": "10.123.2.168",
                            "public_dns": "ec2-54-246-224-9.eu-west-1.compute.amazonaws.com",
                            "public_ip": "54.246.224.9",
                            "root_block_device.#": "1",
                            "root_block_device.0.delete_on_termination": "true",
                            "root_block_device.0.iops": "100",
                            "root_block_device.0.volume_id": "vol-052f7ac421343d8ef",
                            "root_block_device.0.volume_size": "8",
                            "root_block_device.0.volume_type": "gp2",
                            "security_groups.#": "0",
                            "source_dest_check": "true",
                            "subnet_id": "subnet-02cfe411ae944e992",
                            "tags.%": "1",
                            "tags.Name": "tf_server_gregTest-2",
                            "tenancy": "default",
                            "user_data": "ef551e1ae4525a49628bc14b4f4184887842850f",
                            "volume_tags.%": "0",
                            "vpc_security_group_ids.#": "1",
                            "vpc_security_group_ids.2324719851": "sg-0c835ab1de99c2ef6"
                        },
                        "meta": {
                            "e2bfb730-ecaa-11e6-8f88-34363bc7c4c0": {
                                "create": 600000000000,
                                "delete": 1200000000000,
                                "update": 600000000000
                            },
                            "schema_version": "1"
                        },
                        "tainted": false
                    },
                    "deposed": [],
                    "provider": "provider.aws"
                },
                "aws_instance.tf_server.2": {
                    "type": "aws_instance",
                    "depends_on": [
                        "aws_key_pair.tf_auth",
                        "data.aws_ami.server_ami",
                        "data.template_file.user-init.*"
                    ],
                    "primary": {
                        "id": "i-0697b5d8d91da62fc",
                        "attributes": {
                            "ami": "ami-047bb4163c506cd98",
                            "arn": "arn:aws:ec2:eu-west-1:087131782018:instance/i-0697b5d8d91da62fc",
                            "associate_public_ip_address": "true",
                            "availability_zone": "eu-west-1a",
                            "cpu_core_count": "1",
                            "cpu_threads_per_core": "1",
                            "credit_specification.#": "1",
                            "credit_specification.0.cpu_credits": "standard",
                            "disable_api_termination": "false",
                            "ebs_block_device.#": "0",
                            "ebs_optimized": "false",
                            "ephemeral_block_device.#": "0",
                            "get_password_data": "false",
                            "iam_instance_profile": "",
                            "id": "i-0697b5d8d91da62fc",
                            "instance_state": "running",
                            "instance_type": "t2.micro",
                            "ipv6_addresses.#": "0",
                            "key_name": "tf_key",
                            "monitoring": "false",
                            "network_interface.#": "0",
                            "network_interface_id": "eni-03a98f670f819332e",
                            "password_data": "",
                            "placement_group": "",
                            "primary_network_interface_id": "eni-03a98f670f819332e",
                            "private_dns": "ip-10-123-1-254.eu-west-1.compute.internal",
                            "private_ip": "10.123.1.254",
                            "public_dns": "ec2-34-255-216-157.eu-west-1.compute.amazonaws.com",
                            "public_ip": "34.255.216.157",
                            "root_block_device.#": "1",
                            "root_block_device.0.delete_on_termination": "true",
                            "root_block_device.0.iops": "100",
                            "root_block_device.0.volume_id": "vol-0d9fb83175b8b49d6",
                            "root_block_device.0.volume_size": "8",
                            "root_block_device.0.volume_type": "gp2",
                            "security_groups.#": "0",
                            "source_dest_check": "true",
                            "subnet_id": "subnet-0ef7aadfd5028a4f3",
                            "tags.%": "1",
                            "tags.Name": "tf_server_gregTest-3",
                            "tenancy": "default",
                            "user_data": "8ead8a0bd1e6d24f495854a44514aadcc190a543",
                            "volume_tags.%": "0",
                            "vpc_security_group_ids.#": "1",
                            "vpc_security_group_ids.2324719851": "sg-0c835ab1de99c2ef6"
                        },
                        "meta": {
                            "e2bfb730-ecaa-11e6-8f88-34363bc7c4c0": {
                                "create": 600000000000,
                                "delete": 1200000000000,
                                "update": 600000000000
                            },
                            "schema_version": "1"
                        },
                        "tainted": false
                    },
                    "deposed": [],
                    "provider": "provider.aws"
                },
                "aws_instance.tf_server.3": {
                    "type": "aws_instance",
                    "depends_on": [
                        "aws_key_pair.tf_auth",
                        "data.aws_ami.server_ami",
                        "data.template_file.user-init.*"
                    ],
                    "primary": {
                        "id": "i-096546b327d7b7ea0",
                        "attributes": {
                            "ami": "ami-047bb4163c506cd98",
                            "arn": "arn:aws:ec2:eu-west-1:087131782018:instance/i-096546b327d7b7ea0",
                            "associate_public_ip_address": "true",
                            "availability_zone": "eu-west-1b",
                            "cpu_core_count": "1",
                            "cpu_threads_per_core": "1",
                            "credit_specification.#": "1",
                            "credit_specification.0.cpu_credits": "standard",
                            "disable_api_termination": "false",
                            "ebs_block_device.#": "0",
                            "ebs_optimized": "false",
                            "ephemeral_block_device.#": "0",
                            "get_password_data": "false",
                            "iam_instance_profile": "",
                            "id": "i-096546b327d7b7ea0",
                            "instance_state": "running",
                            "instance_type": "t2.micro",
                            "ipv6_addresses.#": "0",
                            "key_name": "tf_key",
                            "monitoring": "false",
                            "network_interface.#": "0",
                            "network_interface_id": "eni-033a06e921e618cec",
                            "password_data": "",
                            "placement_group": "",
                            "primary_network_interface_id": "eni-033a06e921e618cec",
                            "private_dns": "ip-10-123-2-8.eu-west-1.compute.internal",
                            "private_ip": "10.123.2.8",
                            "public_dns": "ec2-52-19-219-180.eu-west-1.compute.amazonaws.com",
                            "public_ip": "52.19.219.180",
                            "root_block_device.#": "1",
                            "root_block_device.0.delete_on_termination": "true",
                            "root_block_device.0.iops": "100",
                            "root_block_device.0.volume_id": "vol-0d75b83561923f692",
                            "root_block_device.0.volume_size": "8",
                            "root_block_device.0.volume_type": "gp2",
                            "security_groups.#": "0",
                            "source_dest_check": "true",
                            "subnet_id": "subnet-02cfe411ae944e992",
                            "tags.%": "1",
                            "tags.Name": "tf_server_gregTest-4",
                            "tenancy": "default",
                            "user_data": "ef551e1ae4525a49628bc14b4f4184887842850f",
                            "volume_tags.%": "0",
                            "vpc_security_group_ids.#": "1",
                            "vpc_security_group_ids.2324719851": "sg-0c835ab1de99c2ef6"
                        },
                        "meta": {
                            "e2bfb730-ecaa-11e6-8f88-34363bc7c4c0": {
                                "create": 600000000000,
                                "delete": 1200000000000,
                                "update": 600000000000
                            },
                            "schema_version": "1"
                        },
                        "tainted": false
                    },
                    "deposed": [],
                    "provider": "provider.aws"
                },
                "aws_instance.tf_server.4": {
                    "type": "aws_instance",
                    "depends_on": [
                        "aws_key_pair.tf_auth",
                        "data.aws_ami.server_ami",
                        "data.template_file.user-init.*"
                    ],
                    "primary": {
                        "id": "i-044eb4dba4b4bc8be",
                        "attributes": {
                            "ami": "ami-047bb4163c506cd98",
                            "arn": "arn:aws:ec2:eu-west-1:087131782018:instance/i-044eb4dba4b4bc8be",
                            "associate_public_ip_address": "true",
                            "availability_zone": "eu-west-1a",
                            "cpu_core_count": "1",
                            "cpu_threads_per_core": "1",
                            "credit_specification.#": "1",
                            "credit_specification.0.cpu_credits": "standard",
                            "disable_api_termination": "false",
                            "ebs_block_device.#": "0",
                            "ebs_optimized": "false",
                            "ephemeral_block_device.#": "0",
                            "get_password_data": "false",
                            "iam_instance_profile": "",
                            "id": "i-044eb4dba4b4bc8be",
                            "instance_state": "running",
                            "instance_type": "t2.micro",
                            "ipv6_addresses.#": "0",
                            "key_name": "tf_key",
                            "monitoring": "false",
                            "network_interface.#": "0",
                            "network_interface_id": "eni-0595e1474c9acc50f",
                            "password_data": "",
                            "placement_group": "",
                            "primary_network_interface_id": "eni-0595e1474c9acc50f",
                            "private_dns": "ip-10-123-1-150.eu-west-1.compute.internal",
                            "private_ip": "10.123.1.150",
                            "public_dns": "ec2-34-253-191-142.eu-west-1.compute.amazonaws.com",
                            "public_ip": "34.253.191.142",
                            "root_block_device.#": "1",
                            "root_block_device.0.delete_on_termination": "true",
                            "root_block_device.0.iops": "100",
                            "root_block_device.0.volume_id": "vol-0b40e47e7c285f0bf",
                            "root_block_device.0.volume_size": "8",
                            "root_block_device.0.volume_type": "gp2",
                            "security_groups.#": "0",
                            "source_dest_check": "true",
                            "subnet_id": "subnet-0ef7aadfd5028a4f3",
                            "tags.%": "1",
                            "tags.Name": "tf_server_gregTest-5",
                            "tenancy": "default",
                            "user_data": "8ead8a0bd1e6d24f495854a44514aadcc190a543",
                            "volume_tags.%": "0",
                            "vpc_security_group_ids.#": "1",
                            "vpc_security_group_ids.2324719851": "sg-0c835ab1de99c2ef6"
                        },
                        "meta": {
                            "e2bfb730-ecaa-11e6-8f88-34363bc7c4c0": {
                                "create": 600000000000,
                                "delete": 1200000000000,
                                "update": 600000000000
                            },
                            "schema_version": "1"
                        },
                        "tainted": false
                    },
                    "deposed": [],
                    "provider": "provider.aws"
                },
                "aws_instance.tf_server.5": {
                    "type": "aws_instance",
                    "depends_on": [
                        "aws_key_pair.tf_auth",
                        "data.aws_ami.server_ami",
                        "data.template_file.user-init.*"
                    ],
                    "primary": {
                        "id": "i-0659ae399886195b1",
                        "attributes": {
                            "ami": "ami-047bb4163c506cd98",
                            "arn": "arn:aws:ec2:eu-west-1:087131782018:instance/i-0659ae399886195b1",
                            "associate_public_ip_address": "true",
                            "availability_zone": "eu-west-1b",
                            "cpu_core_count": "1",
                            "cpu_threads_per_core": "1",
                            "credit_specification.#": "1",
                            "credit_specification.0.cpu_credits": "standard",
                            "disable_api_termination": "false",
                            "ebs_block_device.#": "0",
                            "ebs_optimized": "false",
                            "ephemeral_block_device.#": "0",
                            "get_password_data": "false",
                            "iam_instance_profile": "",
                            "id": "i-0659ae399886195b1",
                            "instance_state": "running",
                            "instance_type": "t2.micro",
                            "ipv6_addresses.#": "0",
                            "key_name": "tf_key",
                            "monitoring": "false",
                            "network_interface.#": "0",
                            "network_interface_id": "eni-0b986cc4d8b26232b",
                            "password_data": "",
                            "placement_group": "",
                            "primary_network_interface_id": "eni-0b986cc4d8b26232b",
                            "private_dns": "ip-10-123-2-242.eu-west-1.compute.internal",
                            "private_ip": "10.123.2.242",
                            "public_dns": "ec2-34-254-201-36.eu-west-1.compute.amazonaws.com",
                            "public_ip": "34.254.201.36",
                            "root_block_device.#": "1",
                            "root_block_device.0.delete_on_termination": "true",
                            "root_block_device.0.iops": "100",
                            "root_block_device.0.volume_id": "vol-09c50b2a51f233fe7",
                            "root_block_device.0.volume_size": "8",
                            "root_block_device.0.volume_type": "gp2",
                            "security_groups.#": "0",
                            "source_dest_check": "true",
                            "subnet_id": "subnet-02cfe411ae944e992",
                            "tags.%": "1",
                            "tags.Name": "tf_server_gregTest-6",
                            "tenancy": "default",
                            "user_data": "ef551e1ae4525a49628bc14b4f4184887842850f",
                            "volume_tags.%": "0",
                            "vpc_security_group_ids.#": "1",
                            "vpc_security_group_ids.2324719851": "sg-0c835ab1de99c2ef6"
                        },
                        "meta": {
                            "e2bfb730-ecaa-11e6-8f88-34363bc7c4c0": {
                                "create": 600000000000,
                                "delete": 1200000000000,
                                "update": 600000000000
                            },
                            "schema_version": "1"
                        },
                        "tainted": false
                    },
                    "deposed": [],
                    "provider": "provider.aws"
                },
                "aws_key_pair.tf_auth": {
                    "type": "aws_key_pair",
                    "depends_on": [],
                    "primary": {
                        "id": "tf_key",
                        "attributes": {
                            "id": "tf_key",
                            "key_name": "tf_key",
                            "public_key": "ssh-rsa AAAAB3NzaC1yc2EAAAADAQABAAABAQDQeGiLjSASH2WJryBEtORLfXpua7otz6byLfPnxiqMtZoVFBFukUey8y6SfZiHwpcHNBuq8GH+ovpVBu+BowP0z4Owd/n4EmTnwd28LKtX/0jV3RJgt6cW3twWOtgvKmqL5xYB3/EkQ5zpRJbdCPHa2I58XEye82zVKDQvQrARGj6r+XkchNrkhtQrlaSD9OE8dFfgpVQcD9i33gjA1n2Uai5uku3Rilz0zWlt957rEwFOFGF46Vt3FQ/P5wYSA3A9iP+gUYbnoQ7FH+Rc80tddWTcfIrUa2AApblnj9CC5yjstbAj6OW/tPzVVWpiwC/c47fbTsyZr2nBoRS4cf65 ec2-user@ip-172-31-27-66.eu-west-1.compute.internal"
                        },
                        "meta": {
                            "schema_version": "1"
                        },
                        "tainted": false
                    },
                    "deposed": [],
                    "provider": "provider.aws"
                },
                "data.aws_ami.server_ami": {
                    "type": "aws_ami",
                    "depends_on": [],
                    "primary": {
                        "id": "ami-047bb4163c506cd98",
                        "attributes": {
                            "architecture": "x86_64",
                            "block_device_mappings.#": "1",
                            "block_device_mappings.340275815.device_name": "/dev/xvda",
                            "block_device_mappings.340275815.ebs.%": "6",
                            "block_device_mappings.340275815.ebs.delete_on_termination": "true",
                            "block_device_mappings.340275815.ebs.encrypted": "false",
                            "block_device_mappings.340275815.ebs.iops": "0",
                            "block_device_mappings.340275815.ebs.snapshot_id": "snap-0a1cd41e685344f94",
                            "block_device_mappings.340275815.ebs.volume_size": "8",
                            "block_device_mappings.340275815.ebs.volume_type": "gp2",
                            "block_device_mappings.340275815.no_device": "",
                            "block_device_mappings.340275815.virtual_name": "",
                            "creation_date": "2018-08-11T02:30:07.000Z",
                            "description": "Amazon Linux AMI 2018.03.0.20180811 x86_64 HVM GP2",
                            "filter.#": "2",
                            "filter.2898439165.name": "name",
                            "filter.2898439165.values.#": "1",
                            "filter.2898439165.values.0": "amzn-ami-hvm*-x86_64-gp2",
                            "filter.574890044.name": "owner-alias",
                            "filter.574890044.values.#": "1",
                            "filter.574890044.values.0": "amazon",
                            "hypervisor": "xen",
                            "id": "ami-047bb4163c506cd98",
                            "image_id": "ami-047bb4163c506cd98",
                            "image_location": "amazon/amzn-ami-hvm-2018.03.0.20180811-x86_64-gp2",
                            "image_owner_alias": "amazon",
                            "image_type": "machine",
                            "most_recent": "true",
                            "name": "amzn-ami-hvm-2018.03.0.20180811-x86_64-gp2",
                            "owner_id": "137112412989",
                            "product_codes.#": "0",
                            "public": "true",
                            "root_device_name": "/dev/xvda",
                            "root_device_type": "ebs",
                            "root_snapshot_id": "snap-0a1cd41e685344f94",
                            "sriov_net_support": "simple",
                            "state": "available",
                            "state_reason.%": "2",
                            "state_reason.code": "UNSET",
                            "state_reason.message": "UNSET",
                            "tags.%": "0",
                            "virtualization_type": "hvm"
                        },
                        "meta": {},
                        "tainted": false
                    },
                    "deposed": [],
                    "provider": "provider.aws"
                },
                "data.template_file.user-init.0": {
                    "type": "template_file",
                    "depends_on": [],
                    "primary": {
                        "id": "bc4140c8f9464d521e3f07c4f0d34424b5db25dd70b11c9e6e666c14019b6505",
                        "attributes": {
                            "id": "bc4140c8f9464d521e3f07c4f0d34424b5db25dd70b11c9e6e666c14019b6505",
                            "rendered": "#!/bin/bash\nyum install httpd -y\necho \"Subnet for firewall : 10.123.1.0/24\" \u003e\u003e /var/www/html/index.html\nservice httpd start\nchkconfig httpd on \n",
                            "template": "#!/bin/bash\nyum install httpd -y\necho \"Subnet for firewall : ${firewall_subnets}\" \u003e\u003e /var/www/html/index.html\nservice httpd start\nchkconfig httpd on \n",
                            "vars.%": "1",
                            "vars.firewall_subnets": "10.123.1.0/24"
                        },
                        "meta": {},
                        "tainted": false
                    },
                    "deposed": [],
                    "provider": "provider.template"
                },
                "data.template_file.user-init.1": {
                    "type": "template_file",
                    "depends_on": [],
                    "primary": {
                        "id": "598d75db1bdc0ae29df91dacef970c6ed7151d5297b9aa43c5e9e77a398dfafd",
                        "attributes": {
                            "id": "598d75db1bdc0ae29df91dacef970c6ed7151d5297b9aa43c5e9e77a398dfafd",
                            "rendered": "#!/bin/bash\nyum install httpd -y\necho \"Subnet for firewall : 10.123.2.0/24\" \u003e\u003e /var/www/html/index.html\nservice httpd start\nchkconfig httpd on \n",
                            "template": "#!/bin/bash\nyum install httpd -y\necho \"Subnet for firewall : ${firewall_subnets}\" \u003e\u003e /var/www/html/index.html\nservice httpd start\nchkconfig httpd on \n",
                            "vars.%": "1",
                            "vars.firewall_subnets": "10.123.2.0/24"
                        },
                        "meta": {},
                        "tainted": false
                    },
                    "deposed": [],
                    "provider": "provider.template"
                },
                "data.template_file.user-init.2": {
                    "type": "template_file",
                    "depends_on": [],
                    "primary": {
                        "id": "bc4140c8f9464d521e3f07c4f0d34424b5db25dd70b11c9e6e666c14019b6505",
                        "attributes": {
                            "id": "bc4140c8f9464d521e3f07c4f0d34424b5db25dd70b11c9e6e666c14019b6505",
                            "rendered": "#!/bin/bash\nyum install httpd -y\necho \"Subnet for firewall : 10.123.1.0/24\" \u003e\u003e /var/www/html/index.html\nservice httpd start\nchkconfig httpd on \n",
                            "template": "#!/bin/bash\nyum install httpd -y\necho \"Subnet for firewall : ${firewall_subnets}\" \u003e\u003e /var/www/html/index.html\nservice httpd start\nchkconfig httpd on \n",
                            "vars.%": "1",
                            "vars.firewall_subnets": "10.123.1.0/24"
                        },
                        "meta": {},
                        "tainted": false
                    },
                    "deposed": [],
                    "provider": "provider.template"
                },
                "data.template_file.user-init.3": {
                    "type": "template_file",
                    "depends_on": [],
                    "primary": {
                        "id": "598d75db1bdc0ae29df91dacef970c6ed7151d5297b9aa43c5e9e77a398dfafd",
                        "attributes": {
                            "id": "598d75db1bdc0ae29df91dacef970c6ed7151d5297b9aa43c5e9e77a398dfafd",
                            "rendered": "#!/bin/bash\nyum install httpd -y\necho \"Subnet for firewall : 10.123.2.0/24\" \u003e\u003e /var/www/html/index.html\nservice httpd start\nchkconfig httpd on \n",
                            "template": "#!/bin/bash\nyum install httpd -y\necho \"Subnet for firewall : ${firewall_subnets}\" \u003e\u003e /var/www/html/index.html\nservice httpd start\nchkconfig httpd on \n",
                            "vars.%": "1",
                            "vars.firewall_subnets": "10.123.2.0/24"
                        },
                        "meta": {},
                        "tainted": false
                    },
                    "deposed": [],
                    "provider": "provider.template"
                },
                "data.template_file.user-init.4": {
                    "type": "template_file",
                    "depends_on": [],
                    "primary": {
                        "id": "bc4140c8f9464d521e3f07c4f0d34424b5db25dd70b11c9e6e666c14019b6505",
                        "attributes": {
                            "id": "bc4140c8f9464d521e3f07c4f0d34424b5db25dd70b11c9e6e666c14019b6505",
                            "rendered": "#!/bin/bash\nyum install httpd -y\necho \"Subnet for firewall : 10.123.1.0/24\" \u003e\u003e /var/www/html/index.html\nservice httpd start\nchkconfig httpd on \n",
                            "template": "#!/bin/bash\nyum install httpd -y\necho \"Subnet for firewall : ${firewall_subnets}\" \u003e\u003e /var/www/html/index.html\nservice httpd start\nchkconfig httpd on \n",
                            "vars.%": "1",
                            "vars.firewall_subnets": "10.123.1.0/24"
                        },
                        "meta": {},
                        "tainted": false
                    },
                    "deposed": [],
                    "provider": "provider.template"
                },
                "data.template_file.user-init.5": {
                    "type": "template_file",
                    "depends_on": [],
                    "primary": {
                        "id": "598d75db1bdc0ae29df91dacef970c6ed7151d5297b9aa43c5e9e77a398dfafd",
                        "attributes": {
                            "id": "598d75db1bdc0ae29df91dacef970c6ed7151d5297b9aa43c5e9e77a398dfafd",
                            "rendered": "#!/bin/bash\nyum install httpd -y\necho \"Subnet for firewall : 10.123.2.0/24\" \u003e\u003e /var/www/html/index.html\nservice httpd start\nchkconfig httpd on \n",
                            "template": "#!/bin/bash\nyum install httpd -y\necho \"Subnet for firewall : ${firewall_subnets}\" \u003e\u003e /var/www/html/index.html\nservice httpd start\nchkconfig httpd on \n",
                            "vars.%": "1",
                            "vars.firewall_subnets": "10.123.2.0/24"
                        },
                        "meta": {},
                        "tainted": false
                    },
                    "deposed": [],
                    "provider": "provider.template"
                }
            },
            "depends_on": []
        },
        {
            "path": [
                "root",
                "networking"
            ],
            "outputs": {
                "public_sg": {
                    "sensitive": false,
                    "type": "string",
                    "value": "sg-0c835ab1de99c2ef6"
                },
                "public_subnets": {
                    "sensitive": false,
                    "type": "list",
                    "value": [
                        "subnet-0ef7aadfd5028a4f3",
                        "subnet-02cfe411ae944e992"
                    ]
                },
                "subnet_ips": {
                    "sensitive": false,
                    "type": "list",
                    "value": [
                        "10.123.1.0/24",
                        "10.123.2.0/24"
                    ]
                }
            },
            "resources": {
                "aws_internet_gateway.tf_internet_gateway": {
                    "type": "aws_internet_gateway",
                    "depends_on": [
                        "aws_vpc.tf_vpc"
                    ],
                    "primary": {
                        "id": "igw-08db0278df0bab176",
                        "attributes": {
                            "id": "igw-08db0278df0bab176",
                            "tags.%": "1",
                            "tags.Name": "tf_igw",
                            "vpc_id": "vpc-0c607bed446b054ec"
                        },
                        "meta": {},
                        "tainted": false
                    },
                    "deposed": [],
                    "provider": "provider.aws"
                },
                "aws_route_table.tf_public_rt": {
                    "type": "aws_route_table",
                    "depends_on": [
                        "aws_internet_gateway.tf_internet_gateway",
                        "aws_vpc.tf_vpc"
                    ],
                    "primary": {
                        "id": "rtb-073eb493c53edb614",
                        "attributes": {
                            "id": "rtb-073eb493c53edb614",
                            "propagating_vgws.#": "0",
                            "route.#": "1",
                            "route.1412422703.cidr_block": "0.0.0.0/0",
                            "route.1412422703.egress_only_gateway_id": "",
                            "route.1412422703.gateway_id": "igw-08db0278df0bab176",
                            "route.1412422703.instance_id": "",
                            "route.1412422703.ipv6_cidr_block": "",
                            "route.1412422703.nat_gateway_id": "",
                            "route.1412422703.network_interface_id": "",
                            "route.1412422703.vpc_peering_connection_id": "",
                            "tags.%": "1",
                            "tags.Name": "tf_public",
                            "vpc_id": "vpc-0c607bed446b054ec"
                        },
                        "meta": {},
                        "tainted": false
                    },
                    "deposed": [],
                    "provider": "provider.aws"
                },
                "aws_route_table_association.tf_public_accoc.0": {
                    "type": "aws_route_table_association",
                    "depends_on": [
                        "aws_route_table.tf_public_rt",
                        "aws_subnet.tf_public_subnet",
                        "aws_subnet.tf_public_subnet.*"
                    ],
                    "primary": {
                        "id": "rtbassoc-078d08df850a3f789",
                        "attributes": {
                            "id": "rtbassoc-078d08df850a3f789",
                            "route_table_id": "rtb-073eb493c53edb614",
                            "subnet_id": "subnet-0ef7aadfd5028a4f3"
                        },
                        "meta": {},
                        "tainted": false
                    },
                    "deposed": [],
                    "provider": "provider.aws"
                },
                "aws_route_table_association.tf_public_accoc.1": {
                    "type": "aws_route_table_association",
                    "depends_on": [
                        "aws_route_table.tf_public_rt",
                        "aws_subnet.tf_public_subnet",
                        "aws_subnet.tf_public_subnet.*"
                    ],
                    "primary": {
                        "id": "rtbassoc-0d90b18371ce062ce",
                        "attributes": {
                            "id": "rtbassoc-0d90b18371ce062ce",
                            "route_table_id": "rtb-073eb493c53edb614",
                            "subnet_id": "subnet-02cfe411ae944e992"
                        },
                        "meta": {},
                        "tainted": false
                    },
                    "deposed": [],
                    "provider": "provider.aws"
                },
                "aws_security_group.tf_public_sg": {
                    "type": "aws_security_group",
                    "depends_on": [
                        "aws_vpc.tf_vpc"
                    ],
                    "primary": {
                        "id": "sg-0c835ab1de99c2ef6",
                        "attributes": {
                            "arn": "arn:aws:ec2:eu-west-1:087131782018:security-group/sg-0c835ab1de99c2ef6",
                            "description": "use for access to internet",
                            "egress.#": "1",
                            "egress.482069346.cidr_blocks.#": "1",
                            "egress.482069346.cidr_blocks.0": "0.0.0.0/0",
                            "egress.482069346.description": "",
                            "egress.482069346.from_port": "0",
                            "egress.482069346.ipv6_cidr_blocks.#": "0",
                            "egress.482069346.prefix_list_ids.#": "0",
                            "egress.482069346.protocol": "-1",
                            "egress.482069346.security_groups.#": "0",
                            "egress.482069346.self": "false",
                            "egress.482069346.to_port": "0",
                            "id": "sg-0c835ab1de99c2ef6",
                            "ingress.#": "2",
                            "ingress.2214680975.cidr_blocks.#": "1",
                            "ingress.2214680975.cidr_blocks.0": "0.0.0.0/0",
                            "ingress.2214680975.description": "",
                            "ingress.2214680975.from_port": "80",
                            "ingress.2214680975.ipv6_cidr_blocks.#": "0",
                            "ingress.2214680975.protocol": "tcp",
                            "ingress.2214680975.security_groups.#": "0",
                            "ingress.2214680975.self": "false",
                            "ingress.2214680975.to_port": "80",
                            "ingress.2541437006.cidr_blocks.#": "1",
                            "ingress.2541437006.cidr_blocks.0": "0.0.0.0/0",
                            "ingress.2541437006.description": "",
                            "ingress.2541437006.from_port": "22",
                            "ingress.2541437006.ipv6_cidr_blocks.#": "0",
                            "ingress.2541437006.protocol": "tcp",
                            "ingress.2541437006.security_groups.#": "0",
                            "ingress.2541437006.self": "false",
                            "ingress.2541437006.to_port": "22",
                            "name": "tf_public_sg",
                            "owner_id": "087131782018",
                            "revoke_rules_on_delete": "false",
                            "tags.%": "0",
                            "vpc_id": "vpc-0c607bed446b054ec"
                        },
                        "meta": {
                            "e2bfb730-ecaa-11e6-8f88-34363bc7c4c0": {
                                "create": 600000000000,
                                "delete": 600000000000
                            },
                            "schema_version": "1"
                        },
                        "tainted": false
                    },
                    "deposed": [],
                    "provider": "provider.aws"
                },
                "aws_subnet.tf_public_subnet.0": {
                    "type": "aws_subnet",
                    "depends_on": [
                        "aws_vpc.tf_vpc",
                        "data.aws_availability_zones.available"
                    ],
                    "primary": {
                        "id": "subnet-0ef7aadfd5028a4f3",
                        "attributes": {
                            "arn": "arn:aws:ec2:eu-west-1:087131782018:subnet/subnet-0ef7aadfd5028a4f3",
                            "assign_ipv6_address_on_creation": "false",
                            "availability_zone": "eu-west-1a",
                            "cidr_block": "10.123.1.0/24",
                            "id": "subnet-0ef7aadfd5028a4f3",
                            "map_public_ip_on_launch": "true",
                            "tags.%": "1",
                            "tags.Name": "tf_public_1",
                            "vpc_id": "vpc-0c607bed446b054ec"
                        },
                        "meta": {
                            "schema_version": "1"
                        },
                        "tainted": false
                    },
                    "deposed": [],
                    "provider": "provider.aws"
                },
                "aws_subnet.tf_public_subnet.1": {
                    "type": "aws_subnet",
                    "depends_on": [
                        "aws_vpc.tf_vpc",
                        "data.aws_availability_zones.available"
                    ],
                    "primary": {
                        "id": "subnet-02cfe411ae944e992",
                        "attributes": {
                            "arn": "arn:aws:ec2:eu-west-1:087131782018:subnet/subnet-02cfe411ae944e992",
                            "assign_ipv6_address_on_creation": "false",
                            "availability_zone": "eu-west-1b",
                            "cidr_block": "10.123.2.0/24",
                            "id": "subnet-02cfe411ae944e992",
                            "map_public_ip_on_launch": "true",
                            "tags.%": "1",
                            "tags.Name": "tf_public_2",
                            "vpc_id": "vpc-0c607bed446b054ec"
                        },
                        "meta": {
                            "schema_version": "1"
                        },
                        "tainted": false
                    },
                    "deposed": [],
                    "provider": "provider.aws"
                },
                "aws_vpc.tf_vpc": {
                    "type": "aws_vpc",
                    "depends_on": [],
                    "primary": {
                        "id": "vpc-0c607bed446b054ec",
                        "attributes": {
                            "arn": "arn:aws:ec2:eu-west-1:087131782018:vpc/vpc-0c607bed446b054ec",
                            "assign_generated_ipv6_cidr_block": "false",
                            "cidr_block": "10.123.0.0/16",
                            "default_network_acl_id": "acl-085528686e830d7dd",
                            "default_route_table_id": "rtb-0f92bb95307ad35a1",
                            "default_security_group_id": "sg-0242fc29c15d89317",
                            "dhcp_options_id": "dopt-c52265a1",
                            "enable_classiclink": "false",
                            "enable_classiclink_dns_support": "false",
                            "enable_dns_hostnames": "true",
                            "enable_dns_support": "true",
                            "id": "vpc-0c607bed446b054ec",
                            "instance_tenancy": "default",
                            "main_route_table_id": "rtb-0f92bb95307ad35a1",
                            "tags.%": "1",
                            "tags.Name": "tf_vpc"
                        },
                        "meta": {
                            "schema_version": "1"
                        },
                        "tainted": false
                    },
                    "deposed": [],
                    "provider": "provider.aws"
                },
                "data.aws_availability_zones.available": {
                    "type": "aws_availability_zones",
                    "depends_on": [],
                    "primary": {
                        "id": "2018-08-24 08:01:56.483686092 +0000 UTC",
                        "attributes": {
                            "id": "2018-08-24 08:01:56.483686092 +0000 UTC",
                            "names.#": "3",
                            "names.0": "eu-west-1a",
                            "names.1": "eu-west-1b",
                            "names.2": "eu-west-1c"
                        },
                        "meta": {},
                        "tainted": false
                    },
                    "deposed": [],
                    "provider": "provider.aws"
                }
            },
            "depends_on": []
        },
        {
            "path": [
                "root",
                "storage"
            ],
            "outputs": {
                "bucketname": {
                    "sensitive": false,
                    "type": "string",
                    "value": "la-terraform-61116"
                }
            },
            "resources": {
                "aws_s3_bucket.tf_code": {
                    "type": "aws_s3_bucket",
                    "depends_on": [
                        "random_id.tf_bucket_id"
                    ],
                    "primary": {
                        "id": "la-terraform-61116",
                        "attributes": {
                            "acceleration_status": "",
                            "acl": "private",
                            "arn": "arn:aws:s3:::la-terraform-61116",
                            "bucket": "la-terraform-61116",
                            "bucket_domain_name": "la-terraform-61116.s3.amazonaws.com",
                            "bucket_regional_domain_name": "la-terraform-61116.s3.eu-west-1.amazonaws.com",
                            "cors_rule.#": "0",
                            "force_destroy": "true",
                            "hosted_zone_id": "Z1BKCTXD74EZPE",
                            "id": "la-terraform-61116",
                            "logging.#": "0",
                            "region": "eu-west-1",
                            "replication_configuration.#": "0",
                            "request_payer": "BucketOwner",
                            "server_side_encryption_configuration.#": "0",
                            "tags.%": "1",
                            "tags.Name": "tf_bucket_23",
                            "versioning.#": "1",
                            "versioning.0.enabled": "false",
                            "versioning.0.mfa_delete": "false",
                            "website.#": "0"
                        },
                        "meta": {},
                        "tainted": false
                    },
                    "deposed": [],
                    "provider": "provider.aws"
                },
                "random_id.tf_bucket_id": {
                    "type": "random_id",
                    "depends_on": [],
                    "primary": {
                        "id": "7rw",
                        "attributes": {
                            "b64": "7rw",
                            "b64_std": "7rw=",
                            "b64_url": "7rw",
                            "byte_length": "2",
                            "dec": "61116",
                            "hex": "eebc",
                            "id": "7rw"
                        },
                        "meta": {},
                        "tainted": false
                    },
                    "deposed": [],
                    "provider": "provider.random"
                }
            },
            "depends_on": []
        }
    ]
}
